
Microsoft Visual Studio Solution File, Format Version 12.00
# Visual Studio Version 17
VisualStudioVersion = 17.3.32929.385
MinimumVisualStudioVersion = 10.0.40219.1
Project("{FAE04EC0-301F-11D3-BF4B-00C04F79EFBC}") = "KLWalks.API", "KLWalks.API\KLWalks.API.csproj", "{8EE12AA3-BF9A-4132-8205-75A76CE080BD}"
EndProject
Global
	GlobalSection(SolutionConfigurationPlatforms) = preSolution
		Debug|Any CPU = Debug|Any CPU
		Release|Any CPU = Release|Any CPU
	EndGlobalSection
	GlobalSection(ProjectConfigurationPlatforms) = postSolution
		{8EE12AA3-BF9A-4132-8205-75A76CE080BD}.Debug|Any CPU.ActiveCfg = Debug|Any CPU
		{8EE12AA3-BF9A-4132-8205-75A76CE080BD}.Debug|Any CPU.Build.0 = Debug|Any CPU
		{8EE12AA3-BF9A-4132-8205-75A76CE080BD}.Release|Any CPU.ActiveCfg = Release|Any CPU
		{8EE12AA3-BF9A-4132-8205-75A76CE080BD}.Release|Any CPU.Build.0 = Release|Any CPU
	EndGlobalSection
	GlobalSection(SolutionProperties) = preSolution
		HideSolutionNode = FALSE
	EndGlobalSection
	GlobalSection(ExtensibilityGlobals) = postSolution
		SolutionGuid = {B3134C52-6CBB-48E7-9CCB-CE428EF0D309}
	EndGlobalSection
EndGlobal
